# Locked for Ubuntu 22.04 amd64 / Python 3.10; regenerate and validate before upgrading.
certifi==2026.7.22 --hash=sha256:62f22742b58a1a33014a2b6b706588a8d7e2a88ae7bd1a6ebe8c992928483775
cffi==2.1.1 --hash=sha256:194cffa889098ced9976c3fc6340305e43f6303657d298da55366907c05c22d6
circuitbreaker==2.1.3 --hash=sha256:87ba6a3ed03fdc7032bc175561c2b04d52ade9d5faf94ca2b035fbdc5e6b1dd1
cryptography==46.0.7 --hash=sha256:128c5edfe5e5938b86b03941e94fac9ee793a94452ad1365c9fc3f4f62216832
oci==2.173.0 --hash=sha256:b50fe600d460c2643fc38e94a359e5d84c6411e6e111fa133485bdf1883a9628
pycparser==3.0 --hash=sha256:b727414169a36b7d524c1c3e31839a521725078d7b2ff038656844266160a992
pyopenssl==26.2.0 --hash=sha256:4f9d971bc5298b8bc1fab282803da04bf000c755d4ad9d99b52de2569ca19a70
python_dateutil==2.9.0.post0 --hash=sha256:a8b2bc7bffae282281c8140a97d3aa9c14da0b136dfe83f850eea9a5f7470427
pytz==2026.5 --hash=sha256:e658af3757f9e26a9d25dd2aff38335acd92bc9104f890a894b2c1ba28311b03
six==1.17.0 --hash=sha256:4721f391ed90541fddacab5acf947aa0d3dc7d27b2e1e8eda2be8970586c3274
urllib3==2.8.0 --hash=sha256:0cf3cae568d36aa9576b28dfb35f11328f1cb974ca7647d9475ebb86c75ac6e3
